
Microsoft Visual Studio Solution File, Format Version 12.00
# Visual Studio 15
VisualStudioVersion = 15.0.28307.168
MinimumVisualStudioVersion = 10.0.40219.1
Project("{8BC9CEB8-8B4A-11D0-8D11-00A0C91BC942}") = "MnistExample", "MnistExample\MnistExample.vcxproj", "{2619B1E2-BDDE-4150-9946-943A3964391D}"
EndProject
Project("{8BC9CEB8-8B4A-11D0-8D11-00A0C91BC942}") = "BoostExample", "BoostExample\BoostExample.vcxproj", "{AEDC3E1E-B070-4B30-A973-F70458AEEFC4}"
EndProject
Project("{8BC9CEB8-8B4A-11D0-8D11-00A0C91BC942}") = "BoostLibExample", "BoostLibExample\BoostLibExample.vcxproj", "{D06D1008-B794-41BD-A0D8-D2B94676A1D6}"
EndProject
Project("{8BC9CEB8-8B4A-11D0-8D11-00A0C91BC942}") = "ModernCpp", "ModernCpp\ModernCpp.vcxproj", "{91662E89-0D91-4565-BE33-626FB9D9ECE6}"
EndProject
Global
	GlobalSection(SolutionConfigurationPlatforms) = preSolution
		Debug|x64 = Debug|x64
		Debug|x86 = Debug|x86
		Release|x64 = Release|x64
		Release|x86 = Release|x86
	EndGlobalSection
	GlobalSection(ProjectConfigurationPlatforms) = postSolution
		{2619B1E2-BDDE-4150-9946-943A3964391D}.Debug|x64.ActiveCfg = Debug|x64
		{2619B1E2-BDDE-4150-9946-943A3964391D}.Debug|x64.Build.0 = Debug|x64
		{2619B1E2-BDDE-4150-9946-943A3964391D}.Debug|x86.ActiveCfg = Debug|Win32
		{2619B1E2-BDDE-4150-9946-943A3964391D}.Debug|x86.Build.0 = Debug|Win32
		{2619B1E2-BDDE-4150-9946-943A3964391D}.Release|x64.ActiveCfg = Release|x64
		{2619B1E2-BDDE-4150-9946-943A3964391D}.Release|x64.Build.0 = Release|x64
		{2619B1E2-BDDE-4150-9946-943A3964391D}.Release|x86.ActiveCfg = Release|Win32
		{2619B1E2-BDDE-4150-9946-943A3964391D}.Release|x86.Build.0 = Release|Win32
		{AEDC3E1E-B070-4B30-A973-F70458AEEFC4}.Debug|x64.ActiveCfg = Debug|x64
		{AEDC3E1E-B070-4B30-A973-F70458AEEFC4}.Debug|x64.Build.0 = Debug|x64
		{AEDC3E1E-B070-4B30-A973-F70458AEEFC4}.Debug|x86.ActiveCfg = Debug|Win32
		{AEDC3E1E-B070-4B30-A973-F70458AEEFC4}.Debug|x86.Build.0 = Debug|Win32
		{AEDC3E1E-B070-4B30-A973-F70458AEEFC4}.Release|x64.ActiveCfg = Release|x64
		{AEDC3E1E-B070-4B30-A973-F70458AEEFC4}.Release|x64.Build.0 = Release|x64
		{AEDC3E1E-B070-4B30-A973-F70458AEEFC4}.Release|x86.ActiveCfg = Release|Win32
		{AEDC3E1E-B070-4B30-A973-F70458AEEFC4}.Release|x86.Build.0 = Release|Win32
		{D06D1008-B794-41BD-A0D8-D2B94676A1D6}.Debug|x64.ActiveCfg = Debug|x64
		{D06D1008-B794-41BD-A0D8-D2B94676A1D6}.Debug|x64.Build.0 = Debug|x64
		{D06D1008-B794-41BD-A0D8-D2B94676A1D6}.Debug|x86.ActiveCfg = Debug|Win32
		{D06D1008-B794-41BD-A0D8-D2B94676A1D6}.Debug|x86.Build.0 = Debug|Win32
		{D06D1008-B794-41BD-A0D8-D2B94676A1D6}.Release|x64.ActiveCfg = Release|x64
		{D06D1008-B794-41BD-A0D8-D2B94676A1D6}.Release|x64.Build.0 = Release|x64
		{D06D1008-B794-41BD-A0D8-D2B94676A1D6}.Release|x86.ActiveCfg = Release|Win32
		{D06D1008-B794-41BD-A0D8-D2B94676A1D6}.Release|x86.Build.0 = Release|Win32
		{91662E89-0D91-4565-BE33-626FB9D9ECE6}.Debug|x64.ActiveCfg = Debug|x64
		{91662E89-0D91-4565-BE33-626FB9D9ECE6}.Debug|x64.Build.0 = Debug|x64
		{91662E89-0D91-4565-BE33-626FB9D9ECE6}.Debug|x86.ActiveCfg = Debug|Win32
		{91662E89-0D91-4565-BE33-626FB9D9ECE6}.Debug|x86.Build.0 = Debug|Win32
		{91662E89-0D91-4565-BE33-626FB9D9ECE6}.Release|x64.ActiveCfg = Release|x64
		{91662E89-0D91-4565-BE33-626FB9D9ECE6}.Release|x64.Build.0 = Release|x64
		{91662E89-0D91-4565-BE33-626FB9D9ECE6}.Release|x86.ActiveCfg = Release|Win32
		{91662E89-0D91-4565-BE33-626FB9D9ECE6}.Release|x86.Build.0 = Release|Win32
	EndGlobalSection
	GlobalSection(SolutionProperties) = preSolution
		HideSolutionNode = FALSE
	EndGlobalSection
	GlobalSection(ExtensibilityGlobals) = postSolution
		SolutionGuid = {F697443F-C030-46C2-B953-15F1307548A9}
	EndGlobalSection
EndGlobal
