
Microsoft Visual Studio Solution File, Format Version 12.00
# Visual Studio Version 16
VisualStudioVersion = 16.0.28803.352
MinimumVisualStudioVersion = 10.0.40219.1
Project("{8BC9CEB8-8B4A-11D0-8D11-00A0C91BC942}") = "MnistExample", "MnistExample\MnistExample.vcxproj", "{2619B1E2-BDDE-4150-9946-943A3964391D}"
EndProject
Project("{8BC9CEB8-8B4A-11D0-8D11-00A0C91BC942}") = "BoostExample", "BoostExample\BoostExample.vcxproj", "{AEDC3E1E-B070-4B30-A973-F70458AEEFC4}"
EndProject
Project("{8BC9CEB8-8B4A-11D0-8D11-00A0C91BC942}") = "BoostLibExample", "BoostLibExample\BoostLibExample.vcxproj", "{D06D1008-B794-41BD-A0D8-D2B94676A1D6}"
EndProject
Project("{8BC9CEB8-8B4A-11D0-8D11-00A0C91BC942}") = "ModernCpp", "ModernCpp\ModernCpp.vcxproj", "{91662E89-0D91-4565-BE33-626FB9D9ECE6}"
EndProject
Project("{8BC9CEB8-8B4A-11D0-8D11-00A0C91BC942}") = "Programmingpatterns", "Programmingpatterns\Programmingpatterns.vcxproj", "{2BF3A406-1553-43D4-8C1C-F66CCE8190AD}"
EndProject
Project("{8BC9CEB8-8B4A-11D0-8D11-00A0C91BC942}") = "CppConcurrencyInAction", "CppConcurrencyInAction\CppConcurrencyInAction.vcxproj", "{A9E6367D-7D91-46F6-9B9A-92656B028D69}"
EndProject
Project("{8BC9CEB8-8B4A-11D0-8D11-00A0C91BC942}") = "Connect2SQLite", "Connect2SQLite\Connect2SQLite.vcxproj", "{B94DE1D0-68F5-4399-A740-59313DC32277}"
EndProject
Project("{8BC9CEB8-8B4A-11D0-8D11-00A0C91BC942}") = "BoostLibrary", "BoostLibrary\BoostLibrary.vcxproj", "{28846770-3E59-488E-BBB9-4D2A108546DC}"
EndProject
Project("{8BC9CEB8-8B4A-11D0-8D11-00A0C91BC942}") = "BoostNetworkProgramming", "BoostNetworkProgramming\BoostNetworkProgramming.vcxproj", "{DE12BB64-E363-4D9A-84F1-BADB11331237}"
EndProject
Project("{8BC9CEB8-8B4A-11D0-8D11-00A0C91BC942}") = "HttpServerAsync", "HttpServerAsync\HttpServerAsync.vcxproj", "{D3A823CC-B866-4DB6-9119-106C2204C55C}"
EndProject
Project("{8BC9CEB8-8B4A-11D0-8D11-00A0C91BC942}") = "HttpClientAsync", "HttpClientAsync\HttpClientAsync.vcxproj", "{5B83068E-20FC-4806-A545-BB674F2747F3}"
EndProject
Project("{8BC9CEB8-8B4A-11D0-8D11-00A0C91BC942}") = "HttpServerAsyncSSL", "HttpServerAsyncSSL\HttpServerAsyncSSL.vcxproj", "{32432703-6175-4409-87F1-70D062B7CBD2}"
EndProject
Project("{8BC9CEB8-8B4A-11D0-8D11-00A0C91BC942}") = "HttpClientAsyncSSL", "HttpClientAsyncSSL\HttpClientAsyncSSL.vcxproj", "{74FDC3B9-EB6A-44AA-A4F7-95CD634928E8}"
EndProject
Project("{8BC9CEB8-8B4A-11D0-8D11-00A0C91BC942}") = "BoostTestCertSSL", "BoostTestCertSSL\BoostTestCertSSL.vcxproj", "{75231737-C5B3-49E0-97E0-EA109FB0B94E}"
EndProject
Project("{8BC9CEB8-8B4A-11D0-8D11-00A0C91BC942}") = "SmtpClient", "SmtpClient\SmtpClient.vcxproj", "{ED6C7ECF-42E4-4FC9-9C2E-AC94D430661C}"
EndProject
Project("{8BC9CEB8-8B4A-11D0-8D11-00A0C91BC942}") = "AccessLoginProcedure", "AccessLoginProcedure\AccessLoginProcedure.vcxproj", "{9B2327E8-B33E-46B2-90EF-7F0619F8133C}"
EndProject
Global
	GlobalSection(SolutionConfigurationPlatforms) = preSolution
		Debug|x64 = Debug|x64
		Debug|x86 = Debug|x86
		Release|x64 = Release|x64
		Release|x86 = Release|x86
	EndGlobalSection
	GlobalSection(ProjectConfigurationPlatforms) = postSolution
		{2619B1E2-BDDE-4150-9946-943A3964391D}.Debug|x64.ActiveCfg = Debug|x64
		{2619B1E2-BDDE-4150-9946-943A3964391D}.Debug|x64.Build.0 = Debug|x64
		{2619B1E2-BDDE-4150-9946-943A3964391D}.Debug|x86.ActiveCfg = Debug|Win32
		{2619B1E2-BDDE-4150-9946-943A3964391D}.Debug|x86.Build.0 = Debug|Win32
		{2619B1E2-BDDE-4150-9946-943A3964391D}.Release|x64.ActiveCfg = Release|x64
		{2619B1E2-BDDE-4150-9946-943A3964391D}.Release|x64.Build.0 = Release|x64
		{2619B1E2-BDDE-4150-9946-943A3964391D}.Release|x86.ActiveCfg = Release|Win32
		{2619B1E2-BDDE-4150-9946-943A3964391D}.Release|x86.Build.0 = Release|Win32
		{AEDC3E1E-B070-4B30-A973-F70458AEEFC4}.Debug|x64.ActiveCfg = Debug|x64
		{AEDC3E1E-B070-4B30-A973-F70458AEEFC4}.Debug|x64.Build.0 = Debug|x64
		{AEDC3E1E-B070-4B30-A973-F70458AEEFC4}.Debug|x86.ActiveCfg = Debug|Win32
		{AEDC3E1E-B070-4B30-A973-F70458AEEFC4}.Debug|x86.Build.0 = Debug|Win32
		{AEDC3E1E-B070-4B30-A973-F70458AEEFC4}.Release|x64.ActiveCfg = Release|x64
		{AEDC3E1E-B070-4B30-A973-F70458AEEFC4}.Release|x64.Build.0 = Release|x64
		{AEDC3E1E-B070-4B30-A973-F70458AEEFC4}.Release|x86.ActiveCfg = Release|Win32
		{AEDC3E1E-B070-4B30-A973-F70458AEEFC4}.Release|x86.Build.0 = Release|Win32
		{D06D1008-B794-41BD-A0D8-D2B94676A1D6}.Debug|x64.ActiveCfg = Debug|x64
		{D06D1008-B794-41BD-A0D8-D2B94676A1D6}.Debug|x64.Build.0 = Debug|x64
		{D06D1008-B794-41BD-A0D8-D2B94676A1D6}.Debug|x86.ActiveCfg = Debug|Win32
		{D06D1008-B794-41BD-A0D8-D2B94676A1D6}.Debug|x86.Build.0 = Debug|Win32
		{D06D1008-B794-41BD-A0D8-D2B94676A1D6}.Release|x64.ActiveCfg = Release|x64
		{D06D1008-B794-41BD-A0D8-D2B94676A1D6}.Release|x64.Build.0 = Release|x64
		{D06D1008-B794-41BD-A0D8-D2B94676A1D6}.Release|x86.ActiveCfg = Release|Win32
		{D06D1008-B794-41BD-A0D8-D2B94676A1D6}.Release|x86.Build.0 = Release|Win32
		{91662E89-0D91-4565-BE33-626FB9D9ECE6}.Debug|x64.ActiveCfg = Debug|x64
		{91662E89-0D91-4565-BE33-626FB9D9ECE6}.Debug|x64.Build.0 = Debug|x64
		{91662E89-0D91-4565-BE33-626FB9D9ECE6}.Debug|x86.ActiveCfg = Debug|Win32
		{91662E89-0D91-4565-BE33-626FB9D9ECE6}.Debug|x86.Build.0 = Debug|Win32
		{91662E89-0D91-4565-BE33-626FB9D9ECE6}.Release|x64.ActiveCfg = Release|x64
		{91662E89-0D91-4565-BE33-626FB9D9ECE6}.Release|x64.Build.0 = Release|x64
		{91662E89-0D91-4565-BE33-626FB9D9ECE6}.Release|x86.ActiveCfg = Release|Win32
		{91662E89-0D91-4565-BE33-626FB9D9ECE6}.Release|x86.Build.0 = Release|Win32
		{2BF3A406-1553-43D4-8C1C-F66CCE8190AD}.Debug|x64.ActiveCfg = Debug|x64
		{2BF3A406-1553-43D4-8C1C-F66CCE8190AD}.Debug|x64.Build.0 = Debug|x64
		{2BF3A406-1553-43D4-8C1C-F66CCE8190AD}.Debug|x86.ActiveCfg = Debug|Win32
		{2BF3A406-1553-43D4-8C1C-F66CCE8190AD}.Debug|x86.Build.0 = Debug|Win32
		{2BF3A406-1553-43D4-8C1C-F66CCE8190AD}.Release|x64.ActiveCfg = Release|x64
		{2BF3A406-1553-43D4-8C1C-F66CCE8190AD}.Release|x64.Build.0 = Release|x64
		{2BF3A406-1553-43D4-8C1C-F66CCE8190AD}.Release|x86.ActiveCfg = Release|Win32
		{2BF3A406-1553-43D4-8C1C-F66CCE8190AD}.Release|x86.Build.0 = Release|Win32
		{A9E6367D-7D91-46F6-9B9A-92656B028D69}.Debug|x64.ActiveCfg = Debug|x64
		{A9E6367D-7D91-46F6-9B9A-92656B028D69}.Debug|x64.Build.0 = Debug|x64
		{A9E6367D-7D91-46F6-9B9A-92656B028D69}.Debug|x86.ActiveCfg = Debug|Win32
		{A9E6367D-7D91-46F6-9B9A-92656B028D69}.Debug|x86.Build.0 = Debug|Win32
		{A9E6367D-7D91-46F6-9B9A-92656B028D69}.Release|x64.ActiveCfg = Release|x64
		{A9E6367D-7D91-46F6-9B9A-92656B028D69}.Release|x64.Build.0 = Release|x64
		{A9E6367D-7D91-46F6-9B9A-92656B028D69}.Release|x86.ActiveCfg = Release|Win32
		{A9E6367D-7D91-46F6-9B9A-92656B028D69}.Release|x86.Build.0 = Release|Win32
		{B94DE1D0-68F5-4399-A740-59313DC32277}.Debug|x64.ActiveCfg = Debug|x64
		{B94DE1D0-68F5-4399-A740-59313DC32277}.Debug|x64.Build.0 = Debug|x64
		{B94DE1D0-68F5-4399-A740-59313DC32277}.Debug|x86.ActiveCfg = Debug|Win32
		{B94DE1D0-68F5-4399-A740-59313DC32277}.Debug|x86.Build.0 = Debug|Win32
		{B94DE1D0-68F5-4399-A740-59313DC32277}.Release|x64.ActiveCfg = Release|x64
		{B94DE1D0-68F5-4399-A740-59313DC32277}.Release|x64.Build.0 = Release|x64
		{B94DE1D0-68F5-4399-A740-59313DC32277}.Release|x86.ActiveCfg = Release|Win32
		{B94DE1D0-68F5-4399-A740-59313DC32277}.Release|x86.Build.0 = Release|Win32
		{28846770-3E59-488E-BBB9-4D2A108546DC}.Debug|x64.ActiveCfg = Debug|x64
		{28846770-3E59-488E-BBB9-4D2A108546DC}.Debug|x64.Build.0 = Debug|x64
		{28846770-3E59-488E-BBB9-4D2A108546DC}.Debug|x86.ActiveCfg = Debug|Win32
		{28846770-3E59-488E-BBB9-4D2A108546DC}.Debug|x86.Build.0 = Debug|Win32
		{28846770-3E59-488E-BBB9-4D2A108546DC}.Release|x64.ActiveCfg = Release|x64
		{28846770-3E59-488E-BBB9-4D2A108546DC}.Release|x64.Build.0 = Release|x64
		{28846770-3E59-488E-BBB9-4D2A108546DC}.Release|x86.ActiveCfg = Release|Win32
		{28846770-3E59-488E-BBB9-4D2A108546DC}.Release|x86.Build.0 = Release|Win32
		{DE12BB64-E363-4D9A-84F1-BADB11331237}.Debug|x64.ActiveCfg = Debug|x64
		{DE12BB64-E363-4D9A-84F1-BADB11331237}.Debug|x64.Build.0 = Debug|x64
		{DE12BB64-E363-4D9A-84F1-BADB11331237}.Debug|x86.ActiveCfg = Debug|Win32
		{DE12BB64-E363-4D9A-84F1-BADB11331237}.Debug|x86.Build.0 = Debug|Win32
		{DE12BB64-E363-4D9A-84F1-BADB11331237}.Release|x64.ActiveCfg = Release|x64
		{DE12BB64-E363-4D9A-84F1-BADB11331237}.Release|x64.Build.0 = Release|x64
		{DE12BB64-E363-4D9A-84F1-BADB11331237}.Release|x86.ActiveCfg = Release|Win32
		{DE12BB64-E363-4D9A-84F1-BADB11331237}.Release|x86.Build.0 = Release|Win32
		{D3A823CC-B866-4DB6-9119-106C2204C55C}.Debug|x64.ActiveCfg = Debug|x64
		{D3A823CC-B866-4DB6-9119-106C2204C55C}.Debug|x64.Build.0 = Debug|x64
		{D3A823CC-B866-4DB6-9119-106C2204C55C}.Debug|x86.ActiveCfg = Debug|Win32
		{D3A823CC-B866-4DB6-9119-106C2204C55C}.Debug|x86.Build.0 = Debug|Win32
		{D3A823CC-B866-4DB6-9119-106C2204C55C}.Release|x64.ActiveCfg = Release|x64
		{D3A823CC-B866-4DB6-9119-106C2204C55C}.Release|x64.Build.0 = Release|x64
		{D3A823CC-B866-4DB6-9119-106C2204C55C}.Release|x86.ActiveCfg = Release|Win32
		{D3A823CC-B866-4DB6-9119-106C2204C55C}.Release|x86.Build.0 = Release|Win32
		{5B83068E-20FC-4806-A545-BB674F2747F3}.Debug|x64.ActiveCfg = Debug|x64
		{5B83068E-20FC-4806-A545-BB674F2747F3}.Debug|x64.Build.0 = Debug|x64
		{5B83068E-20FC-4806-A545-BB674F2747F3}.Debug|x86.ActiveCfg = Debug|Win32
		{5B83068E-20FC-4806-A545-BB674F2747F3}.Debug|x86.Build.0 = Debug|Win32
		{5B83068E-20FC-4806-A545-BB674F2747F3}.Release|x64.ActiveCfg = Release|x64
		{5B83068E-20FC-4806-A545-BB674F2747F3}.Release|x64.Build.0 = Release|x64
		{5B83068E-20FC-4806-A545-BB674F2747F3}.Release|x86.ActiveCfg = Release|Win32
		{5B83068E-20FC-4806-A545-BB674F2747F3}.Release|x86.Build.0 = Release|Win32
		{32432703-6175-4409-87F1-70D062B7CBD2}.Debug|x64.ActiveCfg = Debug|x64
		{32432703-6175-4409-87F1-70D062B7CBD2}.Debug|x64.Build.0 = Debug|x64
		{32432703-6175-4409-87F1-70D062B7CBD2}.Debug|x86.ActiveCfg = Debug|Win32
		{32432703-6175-4409-87F1-70D062B7CBD2}.Debug|x86.Build.0 = Debug|Win32
		{32432703-6175-4409-87F1-70D062B7CBD2}.Release|x64.ActiveCfg = Release|x64
		{32432703-6175-4409-87F1-70D062B7CBD2}.Release|x64.Build.0 = Release|x64
		{32432703-6175-4409-87F1-70D062B7CBD2}.Release|x86.ActiveCfg = Release|Win32
		{32432703-6175-4409-87F1-70D062B7CBD2}.Release|x86.Build.0 = Release|Win32
		{74FDC3B9-EB6A-44AA-A4F7-95CD634928E8}.Debug|x64.ActiveCfg = Debug|x64
		{74FDC3B9-EB6A-44AA-A4F7-95CD634928E8}.Debug|x64.Build.0 = Debug|x64
		{74FDC3B9-EB6A-44AA-A4F7-95CD634928E8}.Debug|x86.ActiveCfg = Debug|Win32
		{74FDC3B9-EB6A-44AA-A4F7-95CD634928E8}.Debug|x86.Build.0 = Debug|Win32
		{74FDC3B9-EB6A-44AA-A4F7-95CD634928E8}.Release|x64.ActiveCfg = Release|x64
		{74FDC3B9-EB6A-44AA-A4F7-95CD634928E8}.Release|x64.Build.0 = Release|x64
		{74FDC3B9-EB6A-44AA-A4F7-95CD634928E8}.Release|x86.ActiveCfg = Release|Win32
		{74FDC3B9-EB6A-44AA-A4F7-95CD634928E8}.Release|x86.Build.0 = Release|Win32
		{75231737-C5B3-49E0-97E0-EA109FB0B94E}.Debug|x64.ActiveCfg = Debug|x64
		{75231737-C5B3-49E0-97E0-EA109FB0B94E}.Debug|x64.Build.0 = Debug|x64
		{75231737-C5B3-49E0-97E0-EA109FB0B94E}.Debug|x86.ActiveCfg = Debug|Win32
		{75231737-C5B3-49E0-97E0-EA109FB0B94E}.Debug|x86.Build.0 = Debug|Win32
		{75231737-C5B3-49E0-97E0-EA109FB0B94E}.Release|x64.ActiveCfg = Release|x64
		{75231737-C5B3-49E0-97E0-EA109FB0B94E}.Release|x64.Build.0 = Release|x64
		{75231737-C5B3-49E0-97E0-EA109FB0B94E}.Release|x86.ActiveCfg = Release|Win32
		{75231737-C5B3-49E0-97E0-EA109FB0B94E}.Release|x86.Build.0 = Release|Win32
		{ED6C7ECF-42E4-4FC9-9C2E-AC94D430661C}.Debug|x64.ActiveCfg = Debug|x64
		{ED6C7ECF-42E4-4FC9-9C2E-AC94D430661C}.Debug|x64.Build.0 = Debug|x64
		{ED6C7ECF-42E4-4FC9-9C2E-AC94D430661C}.Debug|x86.ActiveCfg = Debug|Win32
		{ED6C7ECF-42E4-4FC9-9C2E-AC94D430661C}.Debug|x86.Build.0 = Debug|Win32
		{ED6C7ECF-42E4-4FC9-9C2E-AC94D430661C}.Release|x64.ActiveCfg = Release|x64
		{ED6C7ECF-42E4-4FC9-9C2E-AC94D430661C}.Release|x64.Build.0 = Release|x64
		{ED6C7ECF-42E4-4FC9-9C2E-AC94D430661C}.Release|x86.ActiveCfg = Release|Win32
		{ED6C7ECF-42E4-4FC9-9C2E-AC94D430661C}.Release|x86.Build.0 = Release|Win32
		{9B2327E8-B33E-46B2-90EF-7F0619F8133C}.Debug|x64.ActiveCfg = Debug|x64
		{9B2327E8-B33E-46B2-90EF-7F0619F8133C}.Debug|x64.Build.0 = Debug|x64
		{9B2327E8-B33E-46B2-90EF-7F0619F8133C}.Debug|x86.ActiveCfg = Debug|Win32
		{9B2327E8-B33E-46B2-90EF-7F0619F8133C}.Debug|x86.Build.0 = Debug|Win32
		{9B2327E8-B33E-46B2-90EF-7F0619F8133C}.Release|x64.ActiveCfg = Release|x64
		{9B2327E8-B33E-46B2-90EF-7F0619F8133C}.Release|x64.Build.0 = Release|x64
		{9B2327E8-B33E-46B2-90EF-7F0619F8133C}.Release|x86.ActiveCfg = Release|Win32
		{9B2327E8-B33E-46B2-90EF-7F0619F8133C}.Release|x86.Build.0 = Release|Win32
	EndGlobalSection
	GlobalSection(SolutionProperties) = preSolution
		HideSolutionNode = FALSE
	EndGlobalSection
	GlobalSection(ExtensibilityGlobals) = postSolution
		SolutionGuid = {F697443F-C030-46C2-B953-15F1307548A9}
	EndGlobalSection
EndGlobal
