<?xml version="1.0" encoding="utf-8"?>
<Project ToolsVersion="4.0" xmlns="http://schemas.microsoft.com/developer/msbuild/2003">
  <ItemGroup>
    <Filter Include="Source Files">
      <UniqueIdentifier>{4FC737F1-C7A5-4376-A066-2A32D752A2FF}</UniqueIdentifier>
      <Extensions>cpp;c;cc;cxx;def;odl;idl;hpj;bat;asm;asmx</Extensions>
    </Filter>
    <Filter Include="Header Files">
      <UniqueIdentifier>{93995380-89BD-4b04-88EB-625FBE52EBFB}</UniqueIdentifier>
      <Extensions>h;hh;hpp;hxx;hm;inl;inc;ipp;xsd</Extensions>
    </Filter>
    <Filter Include="Resource Files">
      <UniqueIdentifier>{67DA6AB6-F800-4c08-8B7A-83BB121AAD01}</UniqueIdentifier>
      <Extensions>rc;ico;cur;bmp;dlg;rc2;rct;bin;rgs;gif;jpg;jpeg;jpe;resx;tiff;tif;png;wav;mfcribbon-ms</Extensions>
    </Filter>
  </ItemGroup>
  <ItemGroup>
    <ClCompile Include="BoostLibrary.cpp">
      <Filter>Source Files</Filter>
    </ClCompile>
    <ClCompile Include="example_1_1.cpp">
      <Filter>Source Files</Filter>
    </ClCompile>
    <ClCompile Include="example_template.cpp">
      <Filter>Source Files</Filter>
    </ClCompile>
    <ClCompile Include="example_1_2.cpp">
      <Filter>Source Files</Filter>
    </ClCompile>
    <ClCompile Include="example_1_3.cpp">
      <Filter>Source Files</Filter>
    </ClCompile>
    <ClCompile Include="example_1_4.cpp">
      <Filter>Source Files</Filter>
    </ClCompile>
    <ClCompile Include="example_1_5.cpp">
      <Filter>Source Files</Filter>
    </ClCompile>
    <ClCompile Include="example_1_6.cpp">
      <Filter>Source Files</Filter>
    </ClCompile>
    <ClCompile Include="example_1_7.cpp">
      <Filter>Source Files</Filter>
    </ClCompile>
    <ClCompile Include="example_1_8.cpp">
      <Filter>Source Files</Filter>
    </ClCompile>
    <ClCompile Include="example_1_9.cpp">
      <Filter>Source Files</Filter>
    </ClCompile>
    <ClCompile Include="example_2_1.cpp">
      <Filter>Source Files</Filter>
    </ClCompile>
    <ClCompile Include="example_2_2.cpp">
      <Filter>Source Files</Filter>
    </ClCompile>
    <ClCompile Include="example_2_3.cpp">
      <Filter>Source Files</Filter>
    </ClCompile>
    <ClCompile Include="exercise_2_1.cpp">
      <Filter>Source Files</Filter>
    </ClCompile>
    <ClCompile Include="exercise_2_1_starter.cpp">
      <Filter>Source Files</Filter>
    </ClCompile>
    <ClCompile Include="example_3_1.cpp">
      <Filter>Source Files</Filter>
    </ClCompile>
    <ClCompile Include="example_3_2.cpp">
      <Filter>Source Files</Filter>
    </ClCompile>
    <ClCompile Include="example_3_3.cpp">
      <Filter>Source Files</Filter>
    </ClCompile>
    <ClCompile Include="exercise_3_1.cpp">
      <Filter>Source Files</Filter>
    </ClCompile>
    <ClCompile Include="example_4_1.cpp">
      <Filter>Source Files</Filter>
    </ClCompile>
    <ClCompile Include="example_4_2.cpp">
      <Filter>Source Files</Filter>
    </ClCompile>
    <ClCompile Include="example_4_3.cpp">
      <Filter>Source Files</Filter>
    </ClCompile>
    <ClCompile Include="example_4_4.cpp">
      <Filter>Source Files</Filter>
    </ClCompile>
    <ClCompile Include="example_4_5.cpp">
      <Filter>Source Files</Filter>
    </ClCompile>
    <ClCompile Include="example_4_6.cpp">
      <Filter>Source Files</Filter>
    </ClCompile>
    <ClCompile Include="example_5_1.cpp">
      <Filter>Source Files</Filter>
    </ClCompile>
    <ClCompile Include="example_5_2.cpp">
      <Filter>Source Files</Filter>
    </ClCompile>
    <ClCompile Include="example_5_3.cpp">
      <Filter>Source Files</Filter>
    </ClCompile>
    <ClCompile Include="example_5_4.cpp">
      <Filter>Source Files</Filter>
    </ClCompile>
    <ClCompile Include="example_5_5.cpp">
      <Filter>Source Files</Filter>
    </ClCompile>
    <ClCompile Include="example_5_6.cpp">
      <Filter>Source Files</Filter>
    </ClCompile>
    <ClCompile Include="example_5_7.cpp">
      <Filter>Source Files</Filter>
    </ClCompile>
    <ClCompile Include="example_5_8.cpp">
      <Filter>Source Files</Filter>
    </ClCompile>
    <ClCompile Include="example_5_9.cpp">
      <Filter>Source Files</Filter>
    </ClCompile>
    <ClCompile Include="example_5_10.cpp">
      <Filter>Source Files</Filter>
    </ClCompile>
    <ClCompile Include="example_5_11.cpp">
      <Filter>Source Files</Filter>
    </ClCompile>
    <ClCompile Include="example_5_12.cpp">
      <Filter>Source Files</Filter>
    </ClCompile>
    <ClCompile Include="exercise_5_1.cpp">
      <Filter>Source Files</Filter>
    </ClCompile>
    <ClCompile Include="example_6_1.cpp">
      <Filter>Source Files</Filter>
    </ClCompile>
    <ClCompile Include="example_6_2.cpp">
      <Filter>Source Files</Filter>
    </ClCompile>
    <ClCompile Include="example_7_1.cpp">
      <Filter>Source Files</Filter>
    </ClCompile>
    <ClCompile Include="example_7_2.cpp">
      <Filter>Source Files</Filter>
    </ClCompile>
    <ClCompile Include="example_7_3.cpp">
      <Filter>Source Files</Filter>
    </ClCompile>
    <ClCompile Include="example_7_4.cpp">
      <Filter>Source Files</Filter>
    </ClCompile>
    <ClCompile Include="example_7_5.cpp">
      <Filter>Source Files</Filter>
    </ClCompile>
    <ClCompile Include="example_7_6.cpp">
      <Filter>Source Files</Filter>
    </ClCompile>
    <ClCompile Include="example_7_7.cpp">
      <Filter>Source Files</Filter>
    </ClCompile>
    <ClCompile Include="example_7_8.cpp">
      <Filter>Source Files</Filter>
    </ClCompile>
    <ClCompile Include="example_7_9.cpp">
      <Filter>Source Files</Filter>
    </ClCompile>
  </ItemGroup>
</Project>