<?xml version="1.0" encoding="utf-8"?>
<Project ToolsVersion="4.0" xmlns="http://schemas.microsoft.com/developer/msbuild/2003">
  <ItemGroup>
    <Filter Include="Source Files">
      <UniqueIdentifier>{4FC737F1-C7A5-4376-A066-2A32D752A2FF}</UniqueIdentifier>
      <Extensions>cpp;c;cc;cxx;def;odl;idl;hpj;bat;asm;asmx</Extensions>
    </Filter>
    <Filter Include="Header Files">
      <UniqueIdentifier>{93995380-89BD-4b04-88EB-625FBE52EBFB}</UniqueIdentifier>
      <Extensions>h;hh;hpp;hxx;hm;inl;inc;ipp;xsd</Extensions>
    </Filter>
    <Filter Include="Resource Files">
      <UniqueIdentifier>{67DA6AB6-F800-4c08-8B7A-83BB121AAD01}</UniqueIdentifier>
      <Extensions>rc;ico;cur;bmp;dlg;rc2;rct;bin;rgs;gif;jpg;jpeg;jpe;resx;tiff;tif;png;wav;mfcribbon-ms</Extensions>
    </Filter>
  </ItemGroup>
  <ItemGroup>
    <ClInclude Include="pch.h">
      <Filter>Header Files</Filter>
    </ClInclude>
    <ClInclude Include="maxpool.h">
      <Filter>Header Files</Filter>
    </ClInclude>
    <ClInclude Include="wrapper.h">
      <Filter>Header Files</Filter>
    </ClInclude>
    <ClInclude Include="factorial.h">
      <Filter>Header Files</Filter>
    </ClInclude>
    <ClInclude Include="loop.h">
      <Filter>Header Files</Filter>
    </ClInclude>
    <ClInclude Include="object_pool.h">
      <Filter>Header Files</Filter>
    </ClInclude>
    <ClInclude Include="user_request.h">
      <Filter>Header Files</Filter>
    </ClInclude>
    <ClInclude Include="counter.h">
      <Filter>Header Files</Filter>
    </ClInclude>
    <ClInclude Include="request.h">
      <Filter>Header Files</Filter>
    </ClInclude>
    <ClInclude Include="data.h">
      <Filter>Header Files</Filter>
    </ClInclude>
    <ClInclude Include="counter_noninterleaved.h">
      <Filter>Header Files</Filter>
    </ClInclude>
    <ClInclude Include="counter_timedlock.h">
      <Filter>Header Files</Filter>
    </ClInclude>
    <ClInclude Include="double_checked_lock_class.h">
      <Filter>Header Files</Filter>
    </ClInclude>
    <ClInclude Include="foo.h">
      <Filter>Header Files</Filter>
    </ClInclude>
    <ClInclude Include="employee.h">
      <Filter>Header Files</Filter>
    </ClInclude>
    <ClInclude Include="database.h">
      <Filter>Header Files</Filter>
    </ClInclude>
  </ItemGroup>
  <ItemGroup>
    <ClCompile Include="pch.cpp">
      <Filter>Source Files</Filter>
    </ClCompile>
    <ClCompile Include="waitForUserEvent.cpp">
      <Filter>Source Files</Filter>
    </ClCompile>
    <ClCompile Include="regular_expression.cpp">
      <Filter>Source Files</Filter>
    </ClCompile>
    <ClCompile Include="RandomNumberGeneration.cpp">
      <Filter>Source Files</Filter>
    </ClCompile>
    <ClCompile Include="part4.cpp">
      <Filter>Source Files</Filter>
    </ClCompile>
    <ClCompile Include="Threads.cpp">
      <Filter>Source Files</Filter>
    </ClCompile>
    <ClCompile Include="auto_decltype.cpp">
      <Filter>Source Files</Filter>
    </ClCompile>
    <ClCompile Include="BasicsOfCpp.cpp">
      <Filter>Source Files</Filter>
    </ClCompile>
    <ClCompile Include="Chapter1.cpp">
      <Filter>Source Files</Filter>
    </ClCompile>
    <ClCompile Include="Chapter2.cpp">
      <Filter>Source Files</Filter>
    </ClCompile>
    <ClCompile Include="Chapter3.cpp">
      <Filter>Source Files</Filter>
    </ClCompile>
    <ClCompile Include="Chapter6.cpp">
      <Filter>Source Files</Filter>
    </ClCompile>
    <ClCompile Include="Chapter13.cpp">
      <Filter>Source Files</Filter>
    </ClCompile>
    <ClCompile Include="Chapter16.cpp">
      <Filter>Source Files</Filter>
    </ClCompile>
    <ClCompile Include="Chapter22.cpp">
      <Filter>Source Files</Filter>
    </ClCompile>
    <ClCompile Include="Chapter23.cpp">
      <Filter>Source Files</Filter>
    </ClCompile>
    <ClCompile Include="Chapter24.cpp">
      <Filter>Source Files</Filter>
    </ClCompile>
    <ClCompile Include="ChronoLibrary.cpp">
      <Filter>Source Files</Filter>
    </ClCompile>
    <ClCompile Include="DesignLevelEfficiency.cpp">
      <Filter>Source Files</Filter>
    </ClCompile>
    <ClCompile Include="DivingDeeperIntoCpp.cpp">
      <Filter>Source Files</Filter>
    </ClCompile>
    <ClCompile Include="function_object.cpp">
      <Filter>Source Files</Filter>
    </ClCompile>
    <ClCompile Include="GetMenuChoice.cpp">
      <Filter>Source Files</Filter>
    </ClCompile>
    <ClCompile Include="getNumber.cpp">
      <Filter>Source Files</Filter>
    </ClCompile>
    <ClCompile Include="lambda_expression.cpp">
      <Filter>Source Files</Filter>
    </ClCompile>
    <ClCompile Include="max_pool.cpp">
      <Filter>Source Files</Filter>
    </ClCompile>
    <ClCompile Include="Maxpool.cpp">
      <Filter>Source Files</Filter>
    </ClCompile>
    <ClCompile Include="ModernCpp.cpp">
      <Filter>Source Files</Filter>
    </ClCompile>
    <ClCompile Include="MutualExclusion.cpp">
      <Filter>Source Files</Filter>
    </ClCompile>
    <ClCompile Include="my_tuple.cpp">
      <Filter>Source Files</Filter>
    </ClCompile>
    <ClCompile Include="OverviewOfAlgorithms.cpp">
      <Filter>Source Files</Filter>
    </ClCompile>
    <ClCompile Include="Part1.cpp">
      <Filter>Source Files</Filter>
    </ClCompile>
    <ClCompile Include="Part2.cpp">
      <Filter>Source Files</Filter>
    </ClCompile>
    <ClCompile Include="Part3.cpp">
      <Filter>Source Files</Filter>
    </ClCompile>
    <ClCompile Include="z_template_menu.cpp">
      <Filter>Source Files</Filter>
    </ClCompile>
    <ClCompile Include="Chapter4.cpp">
      <Filter>Source Files</Filter>
    </ClCompile>
    <ClCompile Include="Chapter5.cpp">
      <Filter>Source Files</Filter>
    </ClCompile>
    <ClCompile Include="Chapter7.cpp">
      <Filter>Source Files</Filter>
    </ClCompile>
    <ClCompile Include="Chapter8.cpp">
      <Filter>Source Files</Filter>
    </ClCompile>
    <ClCompile Include="Chapter9.cpp">
      <Filter>Source Files</Filter>
    </ClCompile>
    <ClCompile Include="Chapter10.cpp">
      <Filter>Source Files</Filter>
    </ClCompile>
    <ClCompile Include="Chapter11.cpp">
      <Filter>Source Files</Filter>
    </ClCompile>
    <ClCompile Include="Chapter12.cpp">
      <Filter>Source Files</Filter>
    </ClCompile>
    <ClCompile Include="Chapter14.cpp">
      <Filter>Source Files</Filter>
    </ClCompile>
    <ClCompile Include="Chapter15.cpp">
      <Filter>Source Files</Filter>
    </ClCompile>
    <ClCompile Include="Chapter17.cpp">
      <Filter>Source Files</Filter>
    </ClCompile>
    <ClCompile Include="Chapter18.cpp">
      <Filter>Source Files</Filter>
    </ClCompile>
    <ClCompile Include="Chapter19.cpp">
      <Filter>Source Files</Filter>
    </ClCompile>
    <ClCompile Include="Chapter20.cpp">
      <Filter>Source Files</Filter>
    </ClCompile>
    <ClCompile Include="Chapter21.cpp">
      <Filter>Source Files</Filter>
    </ClCompile>
    <ClCompile Include="Chapter25.cpp">
      <Filter>Source Files</Filter>
    </ClCompile>
    <ClCompile Include="Chapter26.cpp">
      <Filter>Source Files</Filter>
    </ClCompile>
    <ClCompile Include="Chapter27.cpp">
      <Filter>Source Files</Filter>
    </ClCompile>
    <ClCompile Include="Chapter28.cpp">
      <Filter>Source Files</Filter>
    </ClCompile>
    <ClCompile Include="Chapter29.cpp">
      <Filter>Source Files</Filter>
    </ClCompile>
    <ClCompile Include="Paragraph_1_1.cpp">
      <Filter>Source Files</Filter>
    </ClCompile>
    <ClCompile Include="Paragraph_1_2.cpp">
      <Filter>Source Files</Filter>
    </ClCompile>
    <ClCompile Include="Paragraph_1_3.cpp">
      <Filter>Source Files</Filter>
    </ClCompile>
    <ClCompile Include="Paragraph_1_4.cpp">
      <Filter>Source Files</Filter>
    </ClCompile>
    <ClCompile Include="Paragraph_1_5.cpp">
      <Filter>Source Files</Filter>
    </ClCompile>
    <ClCompile Include="Paragraph_1_6.cpp">
      <Filter>Source Files</Filter>
    </ClCompile>
    <ClCompile Include="Paragraph_2_1.cpp">
      <Filter>Source Files</Filter>
    </ClCompile>
    <ClCompile Include="Paragraph_2_2.cpp">
      <Filter>Source Files</Filter>
    </ClCompile>
    <ClCompile Include="Paragraph_2_3.cpp">
      <Filter>Source Files</Filter>
    </ClCompile>
    <ClCompile Include="Paragraph_2_4.cpp">
      <Filter>Source Files</Filter>
    </ClCompile>
    <ClCompile Include="Paragraph_2_5.cpp">
      <Filter>Source Files</Filter>
    </ClCompile>
    <ClCompile Include="Paragraph_2_6.cpp">
      <Filter>Source Files</Filter>
    </ClCompile>
    <ClCompile Include="Paragraph_2_7.cpp">
      <Filter>Source Files</Filter>
    </ClCompile>
    <ClCompile Include="Paragraph_2_8.cpp">
      <Filter>Source Files</Filter>
    </ClCompile>
    <ClCompile Include="Paragraph_3_1.cpp">
      <Filter>Source Files</Filter>
    </ClCompile>
    <ClCompile Include="Paragraph_3_2.cpp">
      <Filter>Source Files</Filter>
    </ClCompile>
    <ClCompile Include="Paragraph_3_3.cpp">
      <Filter>Source Files</Filter>
    </ClCompile>
    <ClCompile Include="Paragraph_3_4.cpp">
      <Filter>Source Files</Filter>
    </ClCompile>
    <ClCompile Include="Paragraph_3_5.cpp">
      <Filter>Source Files</Filter>
    </ClCompile>
    <ClCompile Include="Paragraph_3_6.cpp">
      <Filter>Source Files</Filter>
    </ClCompile>
    <ClCompile Include="Paragraph_4_1.cpp">
      <Filter>Source Files</Filter>
    </ClCompile>
    <ClCompile Include="Paragraph_4_2.cpp">
      <Filter>Source Files</Filter>
    </ClCompile>
    <ClCompile Include="Paragraph_4_3.cpp">
      <Filter>Source Files</Filter>
    </ClCompile>
    <ClCompile Include="Paragraph_5_1.cpp">
      <Filter>Source Files</Filter>
    </ClCompile>
    <ClCompile Include="Paragraph_5_2.cpp">
      <Filter>Source Files</Filter>
    </ClCompile>
    <ClCompile Include="Paragraph_5_3.cpp">
      <Filter>Source Files</Filter>
    </ClCompile>
    <ClCompile Include="Paragraph_5_4.cpp">
      <Filter>Source Files</Filter>
    </ClCompile>
    <ClCompile Include="Paragraph_5_5.cpp">
      <Filter>Source Files</Filter>
    </ClCompile>
    <ClCompile Include="Paragraph_5_6.cpp">
      <Filter>Source Files</Filter>
    </ClCompile>
    <ClCompile Include="Paragraph_5_7.cpp">
      <Filter>Source Files</Filter>
    </ClCompile>
    <ClCompile Include="Paragraph_5_8.cpp">
      <Filter>Source Files</Filter>
    </ClCompile>
    <ClCompile Include="Paragraph_6_1.cpp">
      <Filter>Source Files</Filter>
    </ClCompile>
    <ClCompile Include="Paragraph_6_2.cpp">
      <Filter>Source Files</Filter>
    </ClCompile>
    <ClCompile Include="Paragraph_6_3.cpp">
      <Filter>Source Files</Filter>
    </ClCompile>
    <ClCompile Include="Paragraph_6_4.cpp">
      <Filter>Source Files</Filter>
    </ClCompile>
    <ClCompile Include="Paragraph_7_1.cpp">
      <Filter>Source Files</Filter>
    </ClCompile>
    <ClCompile Include="Paragraph_7_2.cpp">
      <Filter>Source Files</Filter>
    </ClCompile>
    <ClCompile Include="Paragraph_7_3.cpp">
      <Filter>Source Files</Filter>
    </ClCompile>
    <ClCompile Include="Paragraph_7_4.cpp">
      <Filter>Source Files</Filter>
    </ClCompile>
    <ClCompile Include="Paragraph_7_5.cpp">
      <Filter>Source Files</Filter>
    </ClCompile>
    <ClCompile Include="Paragraph_7_6.cpp">
      <Filter>Source Files</Filter>
    </ClCompile>
    <ClCompile Include="Paragraph_7_7.cpp">
      <Filter>Source Files</Filter>
    </ClCompile>
    <ClCompile Include="Paragraph_7_8.cpp">
      <Filter>Source Files</Filter>
    </ClCompile>
    <ClCompile Include="Paragraph_7_9.cpp">
      <Filter>Source Files</Filter>
    </ClCompile>
    <ClCompile Include="Paragraph_8_1.cpp">
      <Filter>Source Files</Filter>
    </ClCompile>
    <ClCompile Include="Paragraph_8_2.cpp">
      <Filter>Source Files</Filter>
    </ClCompile>
    <ClCompile Include="Paragraph_8_3.cpp">
      <Filter>Source Files</Filter>
    </ClCompile>
    <ClCompile Include="Paragraph_8_4.cpp">
      <Filter>Source Files</Filter>
    </ClCompile>
    <ClCompile Include="Paragraph_8_5.cpp">
      <Filter>Source Files</Filter>
    </ClCompile>
    <ClCompile Include="Paragraph_8_6.cpp">
      <Filter>Source Files</Filter>
    </ClCompile>
    <ClCompile Include="Paragraph_8_7.cpp">
      <Filter>Source Files</Filter>
    </ClCompile>
    <ClCompile Include="Paragraph_9_1.cpp">
      <Filter>Source Files</Filter>
    </ClCompile>
    <ClCompile Include="Paragraph_9_2.cpp">
      <Filter>Source Files</Filter>
    </ClCompile>
    <ClCompile Include="Paragraph_9_3.cpp">
      <Filter>Source Files</Filter>
    </ClCompile>
    <ClCompile Include="Paragraph_9_4.cpp">
      <Filter>Source Files</Filter>
    </ClCompile>
    <ClCompile Include="Paragraph_9_5.cpp">
      <Filter>Source Files</Filter>
    </ClCompile>
    <ClCompile Include="Paragraph_9_6.cpp">
      <Filter>Source Files</Filter>
    </ClCompile>
    <ClCompile Include="Paragraph_9_7.cpp">
      <Filter>Source Files</Filter>
    </ClCompile>
    <ClCompile Include="Paragraph_9_8.cpp">
      <Filter>Source Files</Filter>
    </ClCompile>
    <ClCompile Include="Paragraph_10_1.cpp">
      <Filter>Source Files</Filter>
    </ClCompile>
    <ClCompile Include="Paragraph_10_2.cpp">
      <Filter>Source Files</Filter>
    </ClCompile>
    <ClCompile Include="Paragraph_10_3.cpp">
      <Filter>Source Files</Filter>
    </ClCompile>
    <ClCompile Include="Paragraph_10_4.cpp">
      <Filter>Source Files</Filter>
    </ClCompile>
    <ClCompile Include="Paragraph_10_5.cpp">
      <Filter>Source Files</Filter>
    </ClCompile>
    <ClCompile Include="Paragraph_10_6.cpp">
      <Filter>Source Files</Filter>
    </ClCompile>
    <ClCompile Include="Paragraph_10_7.cpp">
      <Filter>Source Files</Filter>
    </ClCompile>
    <ClCompile Include="Paragraph_11_1.cpp">
      <Filter>Source Files</Filter>
    </ClCompile>
    <ClCompile Include="Paragraph_11_2.cpp">
      <Filter>Source Files</Filter>
    </ClCompile>
    <ClCompile Include="Paragraph_11_3.cpp">
      <Filter>Source Files</Filter>
    </ClCompile>
    <ClCompile Include="SubParagraph_11_2_1.cpp">
      <Filter>Source Files</Filter>
    </ClCompile>
    <ClCompile Include="SubParagraph_11_2_2.cpp">
      <Filter>Source Files</Filter>
    </ClCompile>
    <ClCompile Include="SubParagraph_11_2_3.cpp">
      <Filter>Source Files</Filter>
    </ClCompile>
    <ClCompile Include="SubParagraph_11_2_4.cpp">
      <Filter>Source Files</Filter>
    </ClCompile>
    <ClCompile Include="SubParagraph_11_2_5.cpp">
      <Filter>Source Files</Filter>
    </ClCompile>
    <ClCompile Include="SubParagraph_11_2_6.cpp">
      <Filter>Source Files</Filter>
    </ClCompile>
    <ClCompile Include="SubParagraph_11_2_7.cpp">
      <Filter>Source Files</Filter>
    </ClCompile>
    <ClCompile Include="SubParagraph_11_2_8.cpp">
      <Filter>Source Files</Filter>
    </ClCompile>
    <ClCompile Include="SubParagraph_11_2_9.cpp">
      <Filter>Source Files</Filter>
    </ClCompile>
    <ClCompile Include="SubParagraph_11_2_10.cpp">
      <Filter>Source Files</Filter>
    </ClCompile>
    <ClCompile Include="SubParagraph_11_2_11.cpp">
      <Filter>Source Files</Filter>
    </ClCompile>
    <ClCompile Include="SubParagraph_11_2_12.cpp">
      <Filter>Source Files</Filter>
    </ClCompile>
    <ClCompile Include="SubParagraph_11_2_13.cpp">
      <Filter>Source Files</Filter>
    </ClCompile>
    <ClCompile Include="SubParagraph_11_2_14.cpp">
      <Filter>Source Files</Filter>
    </ClCompile>
    <ClCompile Include="Paragraph_12_1.cpp">
      <Filter>Source Files</Filter>
    </ClCompile>
    <ClCompile Include="Paragraph_12_2.cpp">
      <Filter>Source Files</Filter>
    </ClCompile>
    <ClCompile Include="Paragraph_12_3.cpp">
      <Filter>Source Files</Filter>
    </ClCompile>
    <ClCompile Include="Paragraph_12_4.cpp">
      <Filter>Source Files</Filter>
    </ClCompile>
    <ClCompile Include="Paragraph_12_5.cpp">
      <Filter>Source Files</Filter>
    </ClCompile>
    <ClCompile Include="Paragraph_12_6.cpp">
      <Filter>Source Files</Filter>
    </ClCompile>
    <ClCompile Include="Paragraph_12_7.cpp">
      <Filter>Source Files</Filter>
    </ClCompile>
    <ClCompile Include="Paragraph_13_1.cpp">
      <Filter>Source Files</Filter>
    </ClCompile>
    <ClCompile Include="Paragraph_13_2.cpp">
      <Filter>Source Files</Filter>
    </ClCompile>
    <ClCompile Include="Paragraph_13_3.cpp">
      <Filter>Source Files</Filter>
    </ClCompile>
    <ClCompile Include="Paragraph_13_4.cpp">
      <Filter>Source Files</Filter>
    </ClCompile>
    <ClCompile Include="Paragraph_13_5.cpp">
      <Filter>Source Files</Filter>
    </ClCompile>
    <ClCompile Include="Paragraph_13_6.cpp">
      <Filter>Source Files</Filter>
    </ClCompile>
    <ClCompile Include="Paragraph_15_1.cpp">
      <Filter>Source Files</Filter>
    </ClCompile>
    <ClCompile Include="Paragraph_15_2.cpp">
      <Filter>Source Files</Filter>
    </ClCompile>
    <ClCompile Include="Paragraph_15_3.cpp">
      <Filter>Source Files</Filter>
    </ClCompile>
    <ClCompile Include="Paragraph_15_4.cpp">
      <Filter>Source Files</Filter>
    </ClCompile>
    <ClCompile Include="Paragraph_15_5.cpp">
      <Filter>Source Files</Filter>
    </ClCompile>
    <ClCompile Include="Paragraph_14_1.cpp">
      <Filter>Source Files</Filter>
    </ClCompile>
    <ClCompile Include="Paragraph_14_2.cpp">
      <Filter>Source Files</Filter>
    </ClCompile>
    <ClCompile Include="Paragraph_14_3.cpp">
      <Filter>Source Files</Filter>
    </ClCompile>
    <ClCompile Include="Paragraph_14_4.cpp">
      <Filter>Source Files</Filter>
    </ClCompile>
    <ClCompile Include="Paragraph_16_1.cpp">
      <Filter>Source Files</Filter>
    </ClCompile>
    <ClCompile Include="Paragraph_16_2.cpp">
      <Filter>Source Files</Filter>
    </ClCompile>
    <ClCompile Include="Paragraph_16_3.cpp">
      <Filter>Source Files</Filter>
    </ClCompile>
    <ClCompile Include="Paragraph_16_4.cpp">
      <Filter>Source Files</Filter>
    </ClCompile>
    <ClCompile Include="Paragraph_16_5.cpp">
      <Filter>Source Files</Filter>
    </ClCompile>
    <ClCompile Include="Paragraph_16_6.cpp">
      <Filter>Source Files</Filter>
    </ClCompile>
    <ClCompile Include="Paragraph_17_1.cpp">
      <Filter>Source Files</Filter>
    </ClCompile>
    <ClCompile Include="Paragraph_17_2.cpp">
      <Filter>Source Files</Filter>
    </ClCompile>
    <ClCompile Include="Paragraph_17_3.cpp">
      <Filter>Source Files</Filter>
    </ClCompile>
    <ClCompile Include="Paragraph_17_4.cpp">
      <Filter>Source Files</Filter>
    </ClCompile>
    <ClCompile Include="Paragraph_18_1.cpp">
      <Filter>Source Files</Filter>
    </ClCompile>
    <ClCompile Include="Paragraph_18_2.cpp">
      <Filter>Source Files</Filter>
    </ClCompile>
    <ClCompile Include="Paragraph_18_3.cpp">
      <Filter>Source Files</Filter>
    </ClCompile>
    <ClCompile Include="Paragraph_18_4.cpp">
      <Filter>Source Files</Filter>
    </ClCompile>
    <ClCompile Include="Paragraph_18_5.cpp">
      <Filter>Source Files</Filter>
    </ClCompile>
    <ClCompile Include="Paragraph_18_6.cpp">
      <Filter>Source Files</Filter>
    </ClCompile>
    <ClCompile Include="Paragraph_18_7.cpp">
      <Filter>Source Files</Filter>
    </ClCompile>
    <ClCompile Include="Paragraph_18_8.cpp">
      <Filter>Source Files</Filter>
    </ClCompile>
    <ClCompile Include="Paragraph_18_9.cpp">
      <Filter>Source Files</Filter>
    </ClCompile>
    <ClCompile Include="Paragraph_18_10.cpp">
      <Filter>Source Files</Filter>
    </ClCompile>
    <ClCompile Include="Paragraph_20_1.cpp">
      <Filter>Source Files</Filter>
    </ClCompile>
    <ClCompile Include="Paragraph_20_2.cpp">
      <Filter>Source Files</Filter>
    </ClCompile>
    <ClCompile Include="Paragraph_20_3.cpp">
      <Filter>Source Files</Filter>
    </ClCompile>
    <ClCompile Include="Paragraph_20_4.cpp">
      <Filter>Source Files</Filter>
    </ClCompile>
    <ClCompile Include="Paragraph_20_5.cpp">
      <Filter>Source Files</Filter>
    </ClCompile>
    <ClCompile Include="Paragraph_20_6.cpp">
      <Filter>Source Files</Filter>
    </ClCompile>
    <ClCompile Include="Paragraph_20_7.cpp">
      <Filter>Source Files</Filter>
    </ClCompile>
    <ClCompile Include="Paragraph_20_8.cpp">
      <Filter>Source Files</Filter>
    </ClCompile>
    <ClCompile Include="Paragraph_19_1.cpp">
      <Filter>Source Files</Filter>
    </ClCompile>
    <ClCompile Include="Paragraph_19_2.cpp">
      <Filter>Source Files</Filter>
    </ClCompile>
    <ClCompile Include="Paragraph_19_3.cpp">
      <Filter>Source Files</Filter>
    </ClCompile>
    <ClCompile Include="Paragraph_19_4.cpp">
      <Filter>Source Files</Filter>
    </ClCompile>
    <ClCompile Include="Paragraph_21_1.cpp">
      <Filter>Source Files</Filter>
    </ClCompile>
    <ClCompile Include="Paragraph_21_2.cpp">
      <Filter>Source Files</Filter>
    </ClCompile>
    <ClCompile Include="Paragraph_21_3.cpp">
      <Filter>Source Files</Filter>
    </ClCompile>
    <ClCompile Include="Paragraph_21_4.cpp">
      <Filter>Source Files</Filter>
    </ClCompile>
    <ClCompile Include="Paragraph_21_5.cpp">
      <Filter>Source Files</Filter>
    </ClCompile>
    <ClCompile Include="Paragraph_21_6.cpp">
      <Filter>Source Files</Filter>
    </ClCompile>
    <ClCompile Include="Paragraph_22_1.cpp">
      <Filter>Source Files</Filter>
    </ClCompile>
    <ClCompile Include="Paragraph_22_2.cpp">
      <Filter>Source Files</Filter>
    </ClCompile>
    <ClCompile Include="Paragraph_22_3.cpp">
      <Filter>Source Files</Filter>
    </ClCompile>
    <ClCompile Include="Paragraph_22_4.cpp">
      <Filter>Source Files</Filter>
    </ClCompile>
    <ClCompile Include="Paragraph_22_5.cpp">
      <Filter>Source Files</Filter>
    </ClCompile>
    <ClCompile Include="Paragraph_22_6.cpp">
      <Filter>Source Files</Filter>
    </ClCompile>
    <ClCompile Include="Paragraph_22_7.cpp">
      <Filter>Source Files</Filter>
    </ClCompile>
    <ClCompile Include="Paragraph_22_8.cpp">
      <Filter>Source Files</Filter>
    </ClCompile>
    <ClCompile Include="Paragraph_22_9.cpp">
      <Filter>Source Files</Filter>
    </ClCompile>
    <ClCompile Include="Paragraph_22_10.cpp">
      <Filter>Source Files</Filter>
    </ClCompile>
    <ClCompile Include="Paragraph_23_1.cpp">
      <Filter>Source Files</Filter>
    </ClCompile>
    <ClCompile Include="Paragraph_23_2.cpp">
      <Filter>Source Files</Filter>
    </ClCompile>
    <ClCompile Include="Paragraph_23_3.cpp">
      <Filter>Source Files</Filter>
    </ClCompile>
    <ClCompile Include="Paragraph_23_4.cpp">
      <Filter>Source Files</Filter>
    </ClCompile>
    <ClCompile Include="Paragraph_23_5.cpp">
      <Filter>Source Files</Filter>
    </ClCompile>
    <ClCompile Include="Paragraph_23_6.cpp">
      <Filter>Source Files</Filter>
    </ClCompile>
    <ClCompile Include="Paragraph_24_1.cpp">
      <Filter>Source Files</Filter>
    </ClCompile>
    <ClCompile Include="Paragraph_24_2.cpp">
      <Filter>Source Files</Filter>
    </ClCompile>
    <ClCompile Include="Paragraph_24_3.cpp">
      <Filter>Source Files</Filter>
    </ClCompile>
    <ClCompile Include="Paragraph_24_4.cpp">
      <Filter>Source Files</Filter>
    </ClCompile>
    <ClCompile Include="Paragraph_24_5.cpp">
      <Filter>Source Files</Filter>
    </ClCompile>
    <ClCompile Include="Paragraph_25_1.cpp">
      <Filter>Source Files</Filter>
    </ClCompile>
    <ClCompile Include="Paragraph_25_2.cpp">
      <Filter>Source Files</Filter>
    </ClCompile>
    <ClCompile Include="Paragraph_25_3.cpp">
      <Filter>Source Files</Filter>
    </ClCompile>
    <ClCompile Include="Paragraph_26_1.cpp">
      <Filter>Source Files</Filter>
    </ClCompile>
    <ClCompile Include="Paragraph_26_2.cpp">
      <Filter>Source Files</Filter>
    </ClCompile>
    <ClCompile Include="Paragraph_26_3.cpp">
      <Filter>Source Files</Filter>
    </ClCompile>
    <ClCompile Include="Paragraph_26_4.cpp">
      <Filter>Source Files</Filter>
    </ClCompile>
    <ClCompile Include="Paragraph_26_5.cpp">
      <Filter>Source Files</Filter>
    </ClCompile>
    <ClCompile Include="Paragraph_27_1.cpp">
      <Filter>Source Files</Filter>
    </ClCompile>
    <ClCompile Include="Paragraph_27_2.cpp">
      <Filter>Source Files</Filter>
    </ClCompile>
    <ClCompile Include="Paragraph_27_3.cpp">
      <Filter>Source Files</Filter>
    </ClCompile>
    <ClCompile Include="Paragraph_27_4.cpp">
      <Filter>Source Files</Filter>
    </ClCompile>
    <ClCompile Include="Paragraph_27_5.cpp">
      <Filter>Source Files</Filter>
    </ClCompile>
    <ClCompile Include="Paragraph_27_6.cpp">
      <Filter>Source Files</Filter>
    </ClCompile>
    <ClCompile Include="Paragraph_28_1.cpp">
      <Filter>Source Files</Filter>
    </ClCompile>
    <ClCompile Include="Paragraph_28_2.cpp">
      <Filter>Source Files</Filter>
    </ClCompile>
    <ClCompile Include="Paragraph_28_3.cpp">
      <Filter>Source Files</Filter>
    </ClCompile>
    <ClCompile Include="Paragraph_28_4.cpp">
      <Filter>Source Files</Filter>
    </ClCompile>
    <ClCompile Include="Paragraph_29_1.cpp">
      <Filter>Source Files</Filter>
    </ClCompile>
    <ClCompile Include="Paragraph_29_2.cpp">
      <Filter>Source Files</Filter>
    </ClCompile>
    <ClCompile Include="Paragraph_29_3.cpp">
      <Filter>Source Files</Filter>
    </ClCompile>
    <ClCompile Include="Paragraph_29_4.cpp">
      <Filter>Source Files</Filter>
    </ClCompile>
    <ClCompile Include="Paragraph_29_5.cpp">
      <Filter>Source Files</Filter>
    </ClCompile>
    <ClCompile Include="Paragraph_29_6.cpp">
      <Filter>Source Files</Filter>
    </ClCompile>
    <ClCompile Include="Paragraph_29_7.cpp">
      <Filter>Source Files</Filter>
    </ClCompile>
    <ClCompile Include="Paragraph_29_8.cpp">
      <Filter>Source Files</Filter>
    </ClCompile>
    <ClCompile Include="Paragraph_29_9.cpp">
      <Filter>Source Files</Filter>
    </ClCompile>
  </ItemGroup>
</Project>