<?xml version="1.0" encoding="utf-8"?>
<Project ToolsVersion="4.0" xmlns="http://schemas.microsoft.com/developer/msbuild/2003">
  <ItemGroup>
    <Filter Include="Source Files">
      <UniqueIdentifier>{4FC737F1-C7A5-4376-A066-2A32D752A2FF}</UniqueIdentifier>
      <Extensions>cpp;c;cc;cxx;def;odl;idl;hpj;bat;asm;asmx</Extensions>
    </Filter>
    <Filter Include="Header Files">
      <UniqueIdentifier>{93995380-89BD-4b04-88EB-625FBE52EBFB}</UniqueIdentifier>
      <Extensions>h;hh;hpp;hxx;hm;inl;inc;ipp;xsd</Extensions>
    </Filter>
    <Filter Include="Resource Files">
      <UniqueIdentifier>{67DA6AB6-F800-4c08-8B7A-83BB121AAD01}</UniqueIdentifier>
      <Extensions>rc;ico;cur;bmp;dlg;rc2;rct;bin;rgs;gif;jpg;jpeg;jpe;resx;tiff;tif;png;wav;mfcribbon-ms</Extensions>
    </Filter>
  </ItemGroup>
  <ItemGroup>
    <ClCompile Include="CppConcurrencyInAction.cpp">
      <Filter>Source Files</Filter>
    </ClCompile>
    <ClCompile Include="Part1.cpp">
      <Filter>Source Files</Filter>
    </ClCompile>
    <ClCompile Include="listing_1_1.cpp">
      <Filter>Source Files</Filter>
    </ClCompile>
    <ClCompile Include="listing_2_1.cpp">
      <Filter>Source Files</Filter>
    </ClCompile>
    <ClCompile Include="listing_2_2.cpp">
      <Filter>Source Files</Filter>
    </ClCompile>
    <ClCompile Include="listing_2_3.cpp">
      <Filter>Source Files</Filter>
    </ClCompile>
    <ClCompile Include="listing_2_4.cpp">
      <Filter>Source Files</Filter>
    </ClCompile>
    <ClCompile Include="listing_2_5.cpp">
      <Filter>Source Files</Filter>
    </ClCompile>
    <ClCompile Include="listing_2_6.cpp">
      <Filter>Source Files</Filter>
    </ClCompile>
    <ClCompile Include="listing_2_7.cpp">
      <Filter>Source Files</Filter>
    </ClCompile>
    <ClCompile Include="listing_2_8.cpp">
      <Filter>Source Files</Filter>
    </ClCompile>
    <ClCompile Include="listing_3_1.cpp">
      <Filter>Source Files</Filter>
    </ClCompile>
    <ClCompile Include="listing_3_2.cpp">
      <Filter>Source Files</Filter>
    </ClCompile>
    <ClCompile Include="listing_3_3.cpp">
      <Filter>Source Files</Filter>
    </ClCompile>
    <ClCompile Include="listing_3_4.cpp">
      <Filter>Source Files</Filter>
    </ClCompile>
    <ClCompile Include="listing_3_5.cpp">
      <Filter>Source Files</Filter>
    </ClCompile>
    <ClCompile Include="listing_3_6.cpp">
      <Filter>Source Files</Filter>
    </ClCompile>
    <ClCompile Include="listing_a_1.cpp">
      <Filter>Source Files</Filter>
    </ClCompile>
    <ClCompile Include="listing_a_2.cpp">
      <Filter>Source Files</Filter>
    </ClCompile>
    <ClCompile Include="..\Connect2SQLite\listing_3_7.cpp">
      <Filter>Source Files</Filter>
    </ClCompile>
    <ClCompile Include="listing_a_4.cpp">
      <Filter>Source Files</Filter>
    </ClCompile>
    <ClCompile Include="listing_a_3.cpp">
      <Filter>Source Files</Filter>
    </ClCompile>
    <ClCompile Include="PartD.cpp">
      <Filter>Source Files</Filter>
    </ClCompile>
    <ClCompile Include="chapter_d_1.cpp">
      <Filter>Source Files</Filter>
    </ClCompile>
    <ClCompile Include="chapter_d_2.cpp">
      <Filter>Source Files</Filter>
    </ClCompile>
    <ClCompile Include="chapter_d_3.cpp">
      <Filter>Source Files</Filter>
    </ClCompile>
    <ClCompile Include="chapter_d_4.cpp">
      <Filter>Source Files</Filter>
    </ClCompile>
    <ClCompile Include="chapter_d_5.cpp">
      <Filter>Source Files</Filter>
    </ClCompile>
    <ClCompile Include="chapter_d_6.cpp">
      <Filter>Source Files</Filter>
    </ClCompile>
    <ClCompile Include="chapter_d_7.cpp">
      <Filter>Source Files</Filter>
    </ClCompile>
    <ClCompile Include="z_template_chapter.cpp">
      <Filter>Source Files</Filter>
    </ClCompile>
    <ClCompile Include="..\ModernCpp\z_template_paragraph.cpp">
      <Filter>Source Files</Filter>
    </ClCompile>
    <ClCompile Include="paragraph_d_1_1.cpp">
      <Filter>Source Files</Filter>
    </ClCompile>
    <ClCompile Include="paragraph_d_1_2.cpp">
      <Filter>Source Files</Filter>
    </ClCompile>
    <ClCompile Include="paragraph_d_1_3.cpp">
      <Filter>Source Files</Filter>
    </ClCompile>
    <ClCompile Include="paragraph_d_1_4.cpp">
      <Filter>Source Files</Filter>
    </ClCompile>
    <ClCompile Include="paragraph_d_1_5.cpp">
      <Filter>Source Files</Filter>
    </ClCompile>
    <ClCompile Include="paragraph_d_2_1.cpp">
      <Filter>Source Files</Filter>
    </ClCompile>
    <ClCompile Include="paragraph_d_2_2.cpp">
      <Filter>Source Files</Filter>
    </ClCompile>
    <ClCompile Include="paragraph_d_3_1.cpp">
      <Filter>Source Files</Filter>
    </ClCompile>
    <ClCompile Include="paragraph_d_3_2.cpp">
      <Filter>Source Files</Filter>
    </ClCompile>
    <ClCompile Include="paragraph_d_3_3.cpp">
      <Filter>Source Files</Filter>
    </ClCompile>
    <ClCompile Include="paragraph_d_3_4.cpp">
      <Filter>Source Files</Filter>
    </ClCompile>
    <ClCompile Include="paragraph_d_3_5.cpp">
      <Filter>Source Files</Filter>
    </ClCompile>
    <ClCompile Include="paragraph_d_3_6.cpp">
      <Filter>Source Files</Filter>
    </ClCompile>
    <ClCompile Include="paragraph_d_3_7.cpp">
      <Filter>Source Files</Filter>
    </ClCompile>
    <ClCompile Include="paragraph_d_3_8.cpp">
      <Filter>Source Files</Filter>
    </ClCompile>
    <ClCompile Include="paragraph_d_3_9.cpp">
      <Filter>Source Files</Filter>
    </ClCompile>
    <ClCompile Include="paragraph_d_3_10.cpp">
      <Filter>Source Files</Filter>
    </ClCompile>
    <ClCompile Include="paragraph_d_4_1.cpp">
      <Filter>Source Files</Filter>
    </ClCompile>
    <ClCompile Include="paragraph_d_4_2.cpp">
      <Filter>Source Files</Filter>
    </ClCompile>
    <ClCompile Include="paragraph_d_4_3.cpp">
      <Filter>Source Files</Filter>
    </ClCompile>
    <ClCompile Include="paragraph_d_4_4.cpp">
      <Filter>Source Files</Filter>
    </ClCompile>
    <ClCompile Include="paragraph_d_4_5.cpp">
      <Filter>Source Files</Filter>
    </ClCompile>
    <ClCompile Include="paragraph_d_5_1.cpp">
      <Filter>Source Files</Filter>
    </ClCompile>
    <ClCompile Include="paragraph_d_5_2.cpp">
      <Filter>Source Files</Filter>
    </ClCompile>
    <ClCompile Include="paragraph_d_5_3.cpp">
      <Filter>Source Files</Filter>
    </ClCompile>
    <ClCompile Include="paragraph_d_5_4.cpp">
      <Filter>Source Files</Filter>
    </ClCompile>
    <ClCompile Include="paragraph_d_5_5.cpp">
      <Filter>Source Files</Filter>
    </ClCompile>
    <ClCompile Include="paragraph_d_5_6.cpp">
      <Filter>Source Files</Filter>
    </ClCompile>
    <ClCompile Include="paragraph_d_5_7.cpp">
      <Filter>Source Files</Filter>
    </ClCompile>
    <ClCompile Include="paragraph_d_5_8.cpp">
      <Filter>Source Files</Filter>
    </ClCompile>
    <ClCompile Include="paragraph_d_5_9.cpp">
      <Filter>Source Files</Filter>
    </ClCompile>
    <ClCompile Include="paragraph_d_5_10.cpp">
      <Filter>Source Files</Filter>
    </ClCompile>
    <ClCompile Include="paragraph_d_6_1.cpp">
      <Filter>Source Files</Filter>
    </ClCompile>
    <ClCompile Include="paragraph_d_6_2.cpp">
      <Filter>Source Files</Filter>
    </ClCompile>
    <ClCompile Include="paragraph_d_6_3.cpp">
      <Filter>Source Files</Filter>
    </ClCompile>
    <ClCompile Include="paragraph_d_6_4.cpp">
      <Filter>Source Files</Filter>
    </ClCompile>
    <ClCompile Include="paragraph_d_6_5.cpp">
      <Filter>Source Files</Filter>
    </ClCompile>
    <ClCompile Include="paragraph_d_6_6.cpp">
      <Filter>Source Files</Filter>
    </ClCompile>
    <ClCompile Include="paragraph_d_6_7.cpp">
      <Filter>Source Files</Filter>
    </ClCompile>
    <ClCompile Include="paragraph_d_6_8.cpp">
      <Filter>Source Files</Filter>
    </ClCompile>
    <ClCompile Include="paragraph_d_6_9.cpp">
      <Filter>Source Files</Filter>
    </ClCompile>
    <ClCompile Include="paragraph_d_6_10.cpp">
      <Filter>Source Files</Filter>
    </ClCompile>
    <ClCompile Include="paragraph_d_6_11.cpp">
      <Filter>Source Files</Filter>
    </ClCompile>
    <ClCompile Include="paragraph_d_7_1.cpp">
      <Filter>Source Files</Filter>
    </ClCompile>
    <ClCompile Include="paragraph_d_7_2.cpp">
      <Filter>Source Files</Filter>
    </ClCompile>
    <ClCompile Include="example_d_7_2_a.cpp">
      <Filter>Source Files</Filter>
    </ClCompile>
    <ClCompile Include="example_d_7_2_b.cpp">
      <Filter>Source Files</Filter>
    </ClCompile>
    <ClCompile Include="example_d_7_1_d.cpp">
      <Filter>Source Files</Filter>
    </ClCompile>
    <ClCompile Include="example_d_7_1_c.cpp">
      <Filter>Source Files</Filter>
    </ClCompile>
    <ClCompile Include="chapter_3_1.cpp">
      <Filter>Source Files</Filter>
    </ClCompile>
    <ClCompile Include="chapter_3_2.cpp">
      <Filter>Source Files</Filter>
    </ClCompile>
    <ClCompile Include="chapter_3_3.cpp">
      <Filter>Source Files</Filter>
    </ClCompile>
    <ClCompile Include="chapter_3_4.cpp">
      <Filter>Source Files</Filter>
    </ClCompile>
    <ClCompile Include="paragraph_3_3_1.cpp">
      <Filter>Source Files</Filter>
    </ClCompile>
    <ClCompile Include="paragraph_3_3_2.cpp">
      <Filter>Source Files</Filter>
    </ClCompile>
    <ClCompile Include="paragraph_3_3_3.cpp">
      <Filter>Source Files</Filter>
    </ClCompile>
    <ClCompile Include="paragraph_3_2_1.cpp">
      <Filter>Source Files</Filter>
    </ClCompile>
    <ClCompile Include="paragraph_3_2_2.cpp">
      <Filter>Source Files</Filter>
    </ClCompile>
    <ClCompile Include="paragraph_3_2_3.cpp">
      <Filter>Source Files</Filter>
    </ClCompile>
    <ClCompile Include="paragraph_3_2_4.cpp">
      <Filter>Source Files</Filter>
    </ClCompile>
    <ClCompile Include="paragraph_3_2_5.cpp">
      <Filter>Source Files</Filter>
    </ClCompile>
    <ClCompile Include="paragraph_3_2_6.cpp">
      <Filter>Source Files</Filter>
    </ClCompile>
    <ClCompile Include="paragraph_3_2_7.cpp">
      <Filter>Source Files</Filter>
    </ClCompile>
    <ClCompile Include="paragraph_3_2_8.cpp">
      <Filter>Source Files</Filter>
    </ClCompile>
    <ClCompile Include="paragraph_3_1_1.cpp">
      <Filter>Source Files</Filter>
    </ClCompile>
    <ClCompile Include="paragraph_3_1_2.cpp">
      <Filter>Source Files</Filter>
    </ClCompile>
    <ClCompile Include="Part3.cpp">
      <Filter>Source Files</Filter>
    </ClCompile>
    <ClCompile Include="listing_3_13.cpp">
      <Filter>Source Files</Filter>
    </ClCompile>
    <ClCompile Include="listing_3_11.cpp">
      <Filter>Source Files</Filter>
    </ClCompile>
    <ClCompile Include="listing_3_12.cpp">
      <Filter>Source Files</Filter>
    </ClCompile>
    <ClCompile Include="example_44_10.cpp">
      <Filter>Source Files</Filter>
    </ClCompile>
    <ClCompile Include="Part4.cpp">
      <Filter>Source Files</Filter>
    </ClCompile>
    <ClCompile Include="chapter_4_1.cpp">
      <Filter>Source Files</Filter>
    </ClCompile>
    <ClCompile Include="chapter_4_2.cpp">
      <Filter>Source Files</Filter>
    </ClCompile>
    <ClCompile Include="chapter_4_3.cpp">
      <Filter>Source Files</Filter>
    </ClCompile>
    <ClCompile Include="chapter_4_4.cpp">
      <Filter>Source Files</Filter>
    </ClCompile>
    <ClCompile Include="chapter_4_5.cpp">
      <Filter>Source Files</Filter>
    </ClCompile>
    <ClCompile Include="paragraph_4_1_1.cpp">
      <Filter>Source Files</Filter>
    </ClCompile>
    <ClCompile Include="paragraph_4_1_2.cpp">
      <Filter>Source Files</Filter>
    </ClCompile>
    <ClCompile Include="paragraph_4_2_1.cpp">
      <Filter>Source Files</Filter>
    </ClCompile>
    <ClCompile Include="paragraph_4_2_2.cpp">
      <Filter>Source Files</Filter>
    </ClCompile>
    <ClCompile Include="paragraph_4_2_3.cpp">
      <Filter>Source Files</Filter>
    </ClCompile>
    <ClCompile Include="paragraph_4_2_4.cpp">
      <Filter>Source Files</Filter>
    </ClCompile>
    <ClCompile Include="paragraph_4_2_5.cpp">
      <Filter>Source Files</Filter>
    </ClCompile>
    <ClCompile Include="paragraph_4_3_1.cpp">
      <Filter>Source Files</Filter>
    </ClCompile>
    <ClCompile Include="paragraph_4_3_2.cpp">
      <Filter>Source Files</Filter>
    </ClCompile>
    <ClCompile Include="paragraph_4_3_3.cpp">
      <Filter>Source Files</Filter>
    </ClCompile>
    <ClCompile Include="paragraph_4_3_4.cpp">
      <Filter>Source Files</Filter>
    </ClCompile>
    <ClCompile Include="paragraph_4_4_1.cpp">
      <Filter>Source Files</Filter>
    </ClCompile>
    <ClCompile Include="paragraph_4_4_2.cpp">
      <Filter>Source Files</Filter>
    </ClCompile>
    <ClCompile Include="listing_4_1.cpp">
      <Filter>Source Files</Filter>
    </ClCompile>
    <ClCompile Include="listing_4_2.cpp">
      <Filter>Source Files</Filter>
    </ClCompile>
  </ItemGroup>
</Project>